
Microsoft Visual Studio Solution File, Format Version 12.00
# Visual Studio Version 17
VisualStudioVersion = 17.3.32819.101
MinimumVisualStudioVersion = 10.0.40219.1
Project("{8BC9CEB8-8B4A-11D0-8D11-00A0C91BC942}") = "Practice2_4", "Practice2_4\Practice2_4.vcxproj", "{BC7FE074-614B-4D58-B3FA-151801D64BEA}"
EndProject
Global
	GlobalSection(SolutionConfigurationPlatforms) = preSolution
		Debug|x64 = Debug|x64
		Debug|x86 = Debug|x86
		Release|x64 = Release|x64
		Release|x86 = Release|x86
	EndGlobalSection
	GlobalSection(ProjectConfigurationPlatforms) = postSolution
		{BC7FE074-614B-4D58-B3FA-151801D64BEA}.Debug|x64.ActiveCfg = Debug|x64
		{BC7FE074-614B-4D58-B3FA-151801D64BEA}.Debug|x64.Build.0 = Debug|x64
		{BC7FE074-614B-4D58-B3FA-151801D64BEA}.Debug|x86.ActiveCfg = Debug|Win32
		{BC7FE074-614B-4D58-B3FA-151801D64BEA}.Debug|x86.Build.0 = Debug|Win32
		{BC7FE074-614B-4D58-B3FA-151801D64BEA}.Release|x64.ActiveCfg = Release|x64
		{BC7FE074-614B-4D58-B3FA-151801D64BEA}.Release|x64.Build.0 = Release|x64
		{BC7FE074-614B-4D58-B3FA-151801D64BEA}.Release|x86.ActiveCfg = Release|Win32
		{BC7FE074-614B-4D58-B3FA-151801D64BEA}.Release|x86.Build.0 = Release|Win32
	EndGlobalSection
	GlobalSection(SolutionProperties) = preSolution
		HideSolutionNode = FALSE
	EndGlobalSection
	GlobalSection(ExtensibilityGlobals) = postSolution
		SolutionGuid = {6F7BE974-D874-4902-B5FC-1402A141D615}
	EndGlobalSection
EndGlobal
